
Microsoft Visual Studio Solution File, Format Version 12.00
# Visual Studio 2017
Project("{FAE04EC0-301F-11D3-BF4B-00C04F79EFBC}") = "Unity_Snake.Plugins", "Unity_Snake.Plugins.csproj", "{018B4BFA-ED3F-1CA2-944E-40233C9FC441}"
EndProject
Project("{FAE04EC0-301F-11D3-BF4B-00C04F79EFBC}") = "Unity_Snake", "Unity_Snake.csproj", "{231D40DE-763B-824D-C7FD-B8AA6E207228}"
EndProject
Project("{FAE04EC0-301F-11D3-BF4B-00C04F79EFBC}") = "Unity_Snake.Editor.Plugins", "Unity_Snake.Editor.Plugins.csproj", "{E42DB018-D42C-7C1D-A228-534ED81ED3F9}"
EndProject
Project("{FAE04EC0-301F-11D3-BF4B-00C04F79EFBC}") = "Unity_Snake.Editor", "Unity_Snake.Editor.csproj", "{CF960939-26DB-5441-9681-75F7028E780E}"
EndProject
Global
	GlobalSection(SolutionConfigurationPlatforms) = preSolution
		Debug|Any CPU = Debug|Any CPU
		Release|Any CPU = Release|Any CPU
	EndGlobalSection
	GlobalSection(ProjectConfigurationPlatforms) = postSolution
		{018B4BFA-ED3F-1CA2-944E-40233C9FC441}.Debug|Any CPU.ActiveCfg = Debug|Any CPU
		{018B4BFA-ED3F-1CA2-944E-40233C9FC441}.Debug|Any CPU.Build.0 = Debug|Any CPU
		{018B4BFA-ED3F-1CA2-944E-40233C9FC441}.Release|Any CPU.ActiveCfg = Release|Any CPU
		{018B4BFA-ED3F-1CA2-944E-40233C9FC441}.Release|Any CPU.Build.0 = Release|Any CPU
		{231D40DE-763B-824D-C7FD-B8AA6E207228}.Debug|Any CPU.ActiveCfg = Debug|Any CPU
		{231D40DE-763B-824D-C7FD-B8AA6E207228}.Debug|Any CPU.Build.0 = Debug|Any CPU
		{231D40DE-763B-824D-C7FD-B8AA6E207228}.Release|Any CPU.ActiveCfg = Release|Any CPU
		{231D40DE-763B-824D-C7FD-B8AA6E207228}.Release|Any CPU.Build.0 = Release|Any CPU
		{E42DB018-D42C-7C1D-A228-534ED81ED3F9}.Debug|Any CPU.ActiveCfg = Debug|Any CPU
		{E42DB018-D42C-7C1D-A228-534ED81ED3F9}.Debug|Any CPU.Build.0 = Debug|Any CPU
		{E42DB018-D42C-7C1D-A228-534ED81ED3F9}.Release|Any CPU.ActiveCfg = Release|Any CPU
		{E42DB018-D42C-7C1D-A228-534ED81ED3F9}.Release|Any CPU.Build.0 = Release|Any CPU
		{CF960939-26DB-5441-9681-75F7028E780E}.Debug|Any CPU.ActiveCfg = Debug|Any CPU
		{CF960939-26DB-5441-9681-75F7028E780E}.Debug|Any CPU.Build.0 = Debug|Any CPU
		{CF960939-26DB-5441-9681-75F7028E780E}.Release|Any CPU.ActiveCfg = Release|Any CPU
		{CF960939-26DB-5441-9681-75F7028E780E}.Release|Any CPU.Build.0 = Release|Any CPU
	EndGlobalSection
	GlobalSection(SolutionProperties) = preSolution
		HideSolutionNode = FALSE
	EndGlobalSection
EndGlobal
